
Microsoft Visual Studio Solution File, Format Version 12.00
# Visual Studio Version 16
VisualStudioVersion = 16.0.31613.86
MinimumVisualStudioVersion = 10.0.40219.1
Project("{FAE04EC0-301F-11D3-BF4B-00C04F79EFBC}") = "CoureWebAPIPraticalTest2", "CoureWebAPIPraticalTest2\CoureWebAPIPraticalTest2.csproj", "{FF5988ED-C4FD-4748-B095-86950E94322D}"
EndProject
Global
	GlobalSection(SolutionConfigurationPlatforms) = preSolution
		Debug|Any CPU = Debug|Any CPU
		Release|Any CPU = Release|Any CPU
	EndGlobalSection
	GlobalSection(ProjectConfigurationPlatforms) = postSolution
		{FF5988ED-C4FD-4748-B095-86950E94322D}.Debug|Any CPU.ActiveCfg = Debug|Any CPU
		{FF5988ED-C4FD-4748-B095-86950E94322D}.Debug|Any CPU.Build.0 = Debug|Any CPU
		{FF5988ED-C4FD-4748-B095-86950E94322D}.Release|Any CPU.ActiveCfg = Release|Any CPU
		{FF5988ED-C4FD-4748-B095-86950E94322D}.Release|Any CPU.Build.0 = Release|Any CPU
	EndGlobalSection
	GlobalSection(SolutionProperties) = preSolution
		HideSolutionNode = FALSE
	EndGlobalSection
	GlobalSection(ExtensibilityGlobals) = postSolution
		SolutionGuid = {BADAF605-4FF8-42A0-8DC6-539DC0D458F2}
	EndGlobalSection
EndGlobal
